
Microsoft Visual Studio Solution File, Format Version 12.00
# Visual Studio Version 16
VisualStudioVersion = 16.0.31829.152
MinimumVisualStudioVersion = 10.0.40219.1
Project("{9A19103F-16F7-4668-BE54-9A1E7A4F7556}") = "AspNetCore.ExtDirect", "AspNetCore.ExtDirect\AspNetCore.ExtDirect.csproj", "{64C02FD5-DB11-43BB-A763-E64273B2FCF5}"
EndProject
Project("{9A19103F-16F7-4668-BE54-9A1E7A4F7556}") = "AspNetCore.ExtDirect.Test", "AspNetCore.ExtDirect.Test\AspNetCore.ExtDirect.Test.csproj", "{B17167EA-DDED-4617-9D37-393948CEA4FE}"
EndProject
Project("{9A19103F-16F7-4668-BE54-9A1E7A4F7556}") = "AspNetCore.ExtDirect.Demo", "AspNetCore.ExtDirect.Demo\AspNetCore.ExtDirect.Demo.csproj", "{72FDF836-0152-44EC-BD34-C02E0E0E2952}"
EndProject
Project("{2150E333-8FDC-42A3-9474-1A3956D46DE8}") = "Solution Items", "Solution Items", "{069E8563-A835-4A54-80EF-9D46931B08EE}"
	ProjectSection(SolutionItems) = preProject
		LICENSE = LICENSE
		README.md = README.md
	EndProjectSection
EndProject
Global
	GlobalSection(SolutionConfigurationPlatforms) = preSolution
		Debug|Any CPU = Debug|Any CPU
		Release|Any CPU = Release|Any CPU
	EndGlobalSection
	GlobalSection(ProjectConfigurationPlatforms) = postSolution
		{64C02FD5-DB11-43BB-A763-E64273B2FCF5}.Debug|Any CPU.ActiveCfg = Debug|Any CPU
		{64C02FD5-DB11-43BB-A763-E64273B2FCF5}.Debug|Any CPU.Build.0 = Debug|Any CPU
		{64C02FD5-DB11-43BB-A763-E64273B2FCF5}.Release|Any CPU.ActiveCfg = Release|Any CPU
		{64C02FD5-DB11-43BB-A763-E64273B2FCF5}.Release|Any CPU.Build.0 = Release|Any CPU
		{B17167EA-DDED-4617-9D37-393948CEA4FE}.Debug|Any CPU.ActiveCfg = Debug|Any CPU
		{B17167EA-DDED-4617-9D37-393948CEA4FE}.Debug|Any CPU.Build.0 = Debug|Any CPU
		{B17167EA-DDED-4617-9D37-393948CEA4FE}.Release|Any CPU.ActiveCfg = Release|Any CPU
		{B17167EA-DDED-4617-9D37-393948CEA4FE}.Release|Any CPU.Build.0 = Release|Any CPU
		{72FDF836-0152-44EC-BD34-C02E0E0E2952}.Debug|Any CPU.ActiveCfg = Debug|Any CPU
		{72FDF836-0152-44EC-BD34-C02E0E0E2952}.Debug|Any CPU.Build.0 = Debug|Any CPU
		{72FDF836-0152-44EC-BD34-C02E0E0E2952}.Release|Any CPU.ActiveCfg = Release|Any CPU
		{72FDF836-0152-44EC-BD34-C02E0E0E2952}.Release|Any CPU.Build.0 = Release|Any CPU
	EndGlobalSection
	GlobalSection(SolutionProperties) = preSolution
		HideSolutionNode = FALSE
	EndGlobalSection
	GlobalSection(ExtensibilityGlobals) = postSolution
		SolutionGuid = {B6D6D525-353A-4531-BD56-168D50BB3BF8}
	EndGlobalSection
EndGlobal
